
Microsoft Visual Studio Solution File, Format Version 12.00
# Visual Studio Version 16
VisualStudioVersion = 16.0.30002.166
MinimumVisualStudioVersion = 10.0.40219.1
Project("{9A19103F-16F7-4668-BE54-9A1E7A4F7556}") = "MeeterBeeperApp", "MeeterBeeperApp\MeeterBeeperApp.csproj", "{FC4F454F-054A-4912-AF28-A6E63C622D01}"
EndProject
Project("{FAE04EC0-301F-11D3-BF4B-00C04F79EFBC}") = "MeeterBeeperApp.Android", "MeeterBeeperApp.Android\MeeterBeeperApp.Android.csproj", "{916F5504-9323-4B45-B626-1357EACD0638}"
EndProject
Project("{FAE04EC0-301F-11D3-BF4B-00C04F79EFBC}") = "MeeterBeeperApp.iOS", "MeeterBeeperApp.iOS\MeeterBeeperApp.iOS.csproj", "{A2C5EF5E-DF8E-4BFC-A2FA-06CA8EB0FB14}"
EndProject
Project("{9A19103F-16F7-4668-BE54-9A1E7A4F7556}") = "MeeterBeeperApp.APIClients", "MeeterBeeperApp.APIClients\MeeterBeeperApp.APIClients.csproj", "{7B831DB3-462A-479E-A49B-1B06B2A38566}"
EndProject
Project("{9A19103F-16F7-4668-BE54-9A1E7A4F7556}") = "MeeterBeeperApp.Data", "MeeterBeeperApp.Data\MeeterBeeperApp.Data.csproj", "{9C85C6E3-43BD-49B2-9C18-1644D4F4A973}"
EndProject
Project("{FAE04EC0-301F-11D3-BF4B-00C04F79EFBC}") = "MeeterBeeper.Services", "MeeterBeeper.Services\MeeterBeeper.Services.csproj", "{B1211C3B-8382-4D2E-A6CB-06E71A9B5911}"
EndProject
Global
	GlobalSection(SolutionConfigurationPlatforms) = preSolution
		Ad-Hoc|Any CPU = Ad-Hoc|Any CPU
		Ad-Hoc|ARM = Ad-Hoc|ARM
		Ad-Hoc|iPhone = Ad-Hoc|iPhone
		Ad-Hoc|iPhoneSimulator = Ad-Hoc|iPhoneSimulator
		Ad-Hoc|x64 = Ad-Hoc|x64
		Ad-Hoc|x86 = Ad-Hoc|x86
		AppStore|Any CPU = AppStore|Any CPU
		AppStore|ARM = AppStore|ARM
		AppStore|iPhone = AppStore|iPhone
		AppStore|iPhoneSimulator = AppStore|iPhoneSimulator
		AppStore|x64 = AppStore|x64
		AppStore|x86 = AppStore|x86
		Debug|Any CPU = Debug|Any CPU
		Debug|ARM = Debug|ARM
		Debug|iPhone = Debug|iPhone
		Debug|iPhoneSimulator = Debug|iPhoneSimulator
		Debug|x64 = Debug|x64
		Debug|x86 = Debug|x86
		Release|Any CPU = Release|Any CPU
		Release|ARM = Release|ARM
		Release|iPhone = Release|iPhone
		Release|iPhoneSimulator = Release|iPhoneSimulator
		Release|x64 = Release|x64
		Release|x86 = Release|x86
	EndGlobalSection
	GlobalSection(ProjectConfigurationPlatforms) = postSolution
		{FC4F454F-054A-4912-AF28-A6E63C622D01}.Ad-Hoc|Any CPU.ActiveCfg = Debug|Any CPU
		{FC4F454F-054A-4912-AF28-A6E63C622D01}.Ad-Hoc|Any CPU.Build.0 = Debug|Any CPU
		{FC4F454F-054A-4912-AF28-A6E63C622D01}.Ad-Hoc|ARM.ActiveCfg = Debug|Any CPU
		{FC4F454F-054A-4912-AF28-A6E63C622D01}.Ad-Hoc|ARM.Build.0 = Debug|Any CPU
		{FC4F454F-054A-4912-AF28-A6E63C622D01}.Ad-Hoc|iPhone.ActiveCfg = Debug|Any CPU
		{FC4F454F-054A-4912-AF28-A6E63C622D01}.Ad-Hoc|iPhone.Build.0 = Debug|Any CPU
		{FC4F454F-054A-4912-AF28-A6E63C622D01}.Ad-Hoc|iPhoneSimulator.ActiveCfg = Debug|Any CPU
		{FC4F454F-054A-4912-AF28-A6E63C622D01}.Ad-Hoc|iPhoneSimulator.Build.0 = Debug|Any CPU
		{FC4F454F-054A-4912-AF28-A6E63C622D01}.Ad-Hoc|x64.ActiveCfg = Debug|Any CPU
		{FC4F454F-054A-4912-AF28-A6E63C622D01}.Ad-Hoc|x64.Build.0 = Debug|Any CPU
		{FC4F454F-054A-4912-AF28-A6E63C622D01}.Ad-Hoc|x86.ActiveCfg = Debug|Any CPU
		{FC4F454F-054A-4912-AF28-A6E63C622D01}.Ad-Hoc|x86.Build.0 = Debug|Any CPU
		{FC4F454F-054A-4912-AF28-A6E63C622D01}.AppStore|Any CPU.ActiveCfg = Debug|Any CPU
		{FC4F454F-054A-4912-AF28-A6E63C622D01}.AppStore|Any CPU.Build.0 = Debug|Any CPU
		{FC4F454F-054A-4912-AF28-A6E63C622D01}.AppStore|ARM.ActiveCfg = Debug|Any CPU
		{FC4F454F-054A-4912-AF28-A6E63C622D01}.AppStore|ARM.Build.0 = Debug|Any CPU
		{FC4F454F-054A-4912-AF28-A6E63C622D01}.AppStore|iPhone.ActiveCfg = Debug|Any CPU
		{FC4F454F-054A-4912-AF28-A6E63C622D01}.AppStore|iPhone.Build.0 = Debug|Any CPU
		{FC4F454F-054A-4912-AF28-A6E63C622D01}.AppStore|iPhoneSimulator.ActiveCfg = Debug|Any CPU
		{FC4F454F-054A-4912-AF28-A6E63C622D01}.AppStore|iPhoneSimulator.Build.0 = Debug|Any CPU
		{FC4F454F-054A-4912-AF28-A6E63C622D01}.AppStore|x64.ActiveCfg = Debug|Any CPU
		{FC4F454F-054A-4912-AF28-A6E63C622D01}.AppStore|x64.Build.0 = Debug|Any CPU
		{FC4F454F-054A-4912-AF28-A6E63C622D01}.AppStore|x86.ActiveCfg = Debug|Any CPU
		{FC4F454F-054A-4912-AF28-A6E63C622D01}.AppStore|x86.Build.0 = Debug|Any CPU
		{FC4F454F-054A-4912-AF28-A6E63C622D01}.Debug|Any CPU.ActiveCfg = Debug|Any CPU
		{FC4F454F-054A-4912-AF28-A6E63C622D01}.Debug|Any CPU.Build.0 = Debug|Any CPU
		{FC4F454F-054A-4912-AF28-A6E63C622D01}.Debug|ARM.ActiveCfg = Debug|Any CPU
		{FC4F454F-054A-4912-AF28-A6E63C622D01}.Debug|ARM.Build.0 = Debug|Any CPU
		{FC4F454F-054A-4912-AF28-A6E63C622D01}.Debug|iPhone.ActiveCfg = Debug|Any CPU
		{FC4F454F-054A-4912-AF28-A6E63C622D01}.Debug|iPhone.Build.0 = Debug|Any CPU
		{FC4F454F-054A-4912-AF28-A6E63C622D01}.Debug|iPhoneSimulator.ActiveCfg = Debug|Any CPU
		{FC4F454F-054A-4912-AF28-A6E63C622D01}.Debug|iPhoneSimulator.Build.0 = Debug|Any CPU
		{FC4F454F-054A-4912-AF28-A6E63C622D01}.Debug|x64.ActiveCfg = Debug|Any CPU
		{FC4F454F-054A-4912-AF28-A6E63C622D01}.Debug|x64.Build.0 = Debug|Any CPU
		{FC4F454F-054A-4912-AF28-A6E63C622D01}.Debug|x86.ActiveCfg = Debug|Any CPU
		{FC4F454F-054A-4912-AF28-A6E63C622D01}.Debug|x86.Build.0 = Debug|Any CPU
		{FC4F454F-054A-4912-AF28-A6E63C622D01}.Release|Any CPU.ActiveCfg = Release|Any CPU
		{FC4F454F-054A-4912-AF28-A6E63C622D01}.Release|Any CPU.Build.0 = Release|Any CPU
		{FC4F454F-054A-4912-AF28-A6E63C622D01}.Release|ARM.ActiveCfg = Release|Any CPU
		{FC4F454F-054A-4912-AF28-A6E63C622D01}.Release|ARM.Build.0 = Release|Any CPU
		{FC4F454F-054A-4912-AF28-A6E63C622D01}.Release|iPhone.ActiveCfg = Release|Any CPU
		{FC4F454F-054A-4912-AF28-A6E63C622D01}.Release|iPhone.Build.0 = Release|Any CPU
		{FC4F454F-054A-4912-AF28-A6E63C622D01}.Release|iPhoneSimulator.ActiveCfg = Release|Any CPU
		{FC4F454F-054A-4912-AF28-A6E63C622D01}.Release|iPhoneSimulator.Build.0 = Release|Any CPU
		{FC4F454F-054A-4912-AF28-A6E63C622D01}.Release|x64.ActiveCfg = Release|Any CPU
		{FC4F454F-054A-4912-AF28-A6E63C622D01}.Release|x64.Build.0 = Release|Any CPU
		{FC4F454F-054A-4912-AF28-A6E63C622D01}.Release|x86.ActiveCfg = Release|Any CPU
		{FC4F454F-054A-4912-AF28-A6E63C622D01}.Release|x86.Build.0 = Release|Any CPU
		{916F5504-9323-4B45-B626-1357EACD0638}.Ad-Hoc|Any CPU.ActiveCfg = Release|Any CPU
		{916F5504-9323-4B45-B626-1357EACD0638}.Ad-Hoc|Any CPU.Build.0 = Release|Any CPU
		{916F5504-9323-4B45-B626-1357EACD0638}.Ad-Hoc|Any CPU.Deploy.0 = Release|Any CPU
		{916F5504-9323-4B45-B626-1357EACD0638}.Ad-Hoc|ARM.ActiveCfg = Release|Any CPU
		{916F5504-9323-4B45-B626-1357EACD0638}.Ad-Hoc|ARM.Build.0 = Release|Any CPU
		{916F5504-9323-4B45-B626-1357EACD0638}.Ad-Hoc|ARM.Deploy.0 = Release|Any CPU
		{916F5504-9323-4B45-B626-1357EACD0638}.Ad-Hoc|iPhone.ActiveCfg = Release|Any CPU
		{916F5504-9323-4B45-B626-1357EACD0638}.Ad-Hoc|iPhone.Build.0 = Release|Any CPU
		{916F5504-9323-4B45-B626-1357EACD0638}.Ad-Hoc|iPhone.Deploy.0 = Release|Any CPU
		{916F5504-9323-4B45-B626-1357EACD0638}.Ad-Hoc|iPhoneSimulator.ActiveCfg = Release|Any CPU
		{916F5504-9323-4B45-B626-1357EACD0638}.Ad-Hoc|iPhoneSimulator.Build.0 = Release|Any CPU
		{916F5504-9323-4B45-B626-1357EACD0638}.Ad-Hoc|iPhoneSimulator.Deploy.0 = Release|Any CPU
		{916F5504-9323-4B45-B626-1357EACD0638}.Ad-Hoc|x64.ActiveCfg = Release|Any CPU
		{916F5504-9323-4B45-B626-1357EACD0638}.Ad-Hoc|x64.Build.0 = Release|Any CPU
		{916F5504-9323-4B45-B626-1357EACD0638}.Ad-Hoc|x64.Deploy.0 = Release|Any CPU
		{916F5504-9323-4B45-B626-1357EACD0638}.Ad-Hoc|x86.ActiveCfg = Release|Any CPU
		{916F5504-9323-4B45-B626-1357EACD0638}.Ad-Hoc|x86.Build.0 = Release|Any CPU
		{916F5504-9323-4B45-B626-1357EACD0638}.Ad-Hoc|x86.Deploy.0 = Release|Any CPU
		{916F5504-9323-4B45-B626-1357EACD0638}.AppStore|Any CPU.ActiveCfg = Release|Any CPU
		{916F5504-9323-4B45-B626-1357EACD0638}.AppStore|Any CPU.Build.0 = Release|Any CPU
		{916F5504-9323-4B45-B626-1357EACD0638}.AppStore|Any CPU.Deploy.0 = Release|Any CPU
		{916F5504-9323-4B45-B626-1357EACD0638}.AppStore|ARM.ActiveCfg = Release|Any CPU
		{916F5504-9323-4B45-B626-1357EACD0638}.AppStore|ARM.Build.0 = Release|Any CPU
		{916F5504-9323-4B45-B626-1357EACD0638}.AppStore|ARM.Deploy.0 = Release|Any CPU
		{916F5504-9323-4B45-B626-1357EACD0638}.AppStore|iPhone.ActiveCfg = Release|Any CPU
		{916F5504-9323-4B45-B626-1357EACD0638}.AppStore|iPhone.Build.0 = Release|Any CPU
		{916F5504-9323-4B45-B626-1357EACD0638}.AppStore|iPhone.Deploy.0 = Release|Any CPU
		{916F5504-9323-4B45-B626-1357EACD0638}.AppStore|iPhoneSimulator.ActiveCfg = Release|Any CPU
		{916F5504-9323-4B45-B626-1357EACD0638}.AppStore|iPhoneSimulator.Build.0 = Release|Any CPU
		{916F5504-9323-4B45-B626-1357EACD0638}.AppStore|iPhoneSimulator.Deploy.0 = Release|Any CPU
		{916F5504-9323-4B45-B626-1357EACD0638}.AppStore|x64.ActiveCfg = Release|Any CPU
		{916F5504-9323-4B45-B626-1357EACD0638}.AppStore|x64.Build.0 = Release|Any CPU
		{916F5504-9323-4B45-B626-1357EACD0638}.AppStore|x64.Deploy.0 = Release|Any CPU
		{916F5504-9323-4B45-B626-1357EACD0638}.AppStore|x86.ActiveCfg = Release|Any CPU
		{916F5504-9323-4B45-B626-1357EACD0638}.AppStore|x86.Build.0 = Release|Any CPU
		{916F5504-9323-4B45-B626-1357EACD0638}.AppStore|x86.Deploy.0 = Release|Any CPU
		{916F5504-9323-4B45-B626-1357EACD0638}.Debug|Any CPU.ActiveCfg = Debug|Any CPU
		{916F5504-9323-4B45-B626-1357EACD0638}.Debug|Any CPU.Build.0 = Debug|Any CPU
		{916F5504-9323-4B45-B626-1357EACD0638}.Debug|Any CPU.Deploy.0 = Debug|Any CPU
		{916F5504-9323-4B45-B626-1357EACD0638}.Debug|ARM.ActiveCfg = Debug|Any CPU
		{916F5504-9323-4B45-B626-1357EACD0638}.Debug|ARM.Build.0 = Debug|Any CPU
		{916F5504-9323-4B45-B626-1357EACD0638}.Debug|ARM.Deploy.0 = Debug|Any CPU
		{916F5504-9323-4B45-B626-1357EACD0638}.Debug|iPhone.ActiveCfg = Debug|Any CPU
		{916F5504-9323-4B45-B626-1357EACD0638}.Debug|iPhone.Build.0 = Debug|Any CPU
		{916F5504-9323-4B45-B626-1357EACD0638}.Debug|iPhone.Deploy.0 = Debug|Any CPU
		{916F5504-9323-4B45-B626-1357EACD0638}.Debug|iPhoneSimulator.ActiveCfg = Debug|Any CPU
		{916F5504-9323-4B45-B626-1357EACD0638}.Debug|iPhoneSimulator.Build.0 = Debug|Any CPU
		{916F5504-9323-4B45-B626-1357EACD0638}.Debug|iPhoneSimulator.Deploy.0 = Debug|Any CPU
		{916F5504-9323-4B45-B626-1357EACD0638}.Debug|x64.ActiveCfg = Debug|Any CPU
		{916F5504-9323-4B45-B626-1357EACD0638}.Debug|x64.Build.0 = Debug|Any CPU
		{916F5504-9323-4B45-B626-1357EACD0638}.Debug|x64.Deploy.0 = Debug|Any CPU
		{916F5504-9323-4B45-B626-1357EACD0638}.Debug|x86.ActiveCfg = Debug|Any CPU
		{916F5504-9323-4B45-B626-1357EACD0638}.Debug|x86.Build.0 = Debug|Any CPU
		{916F5504-9323-4B45-B626-1357EACD0638}.Debug|x86.Deploy.0 = Debug|Any CPU
		{916F5504-9323-4B45-B626-1357EACD0638}.Release|Any CPU.ActiveCfg = Release|Any CPU
		{916F5504-9323-4B45-B626-1357EACD0638}.Release|Any CPU.Build.0 = Release|Any CPU
		{916F5504-9323-4B45-B626-1357EACD0638}.Release|Any CPU.Deploy.0 = Release|Any CPU
		{916F5504-9323-4B45-B626-1357EACD0638}.Release|ARM.ActiveCfg = Release|Any CPU
		{916F5504-9323-4B45-B626-1357EACD0638}.Release|ARM.Build.0 = Release|Any CPU
		{916F5504-9323-4B45-B626-1357EACD0638}.Release|ARM.Deploy.0 = Release|Any CPU
		{916F5504-9323-4B45-B626-1357EACD0638}.Release|iPhone.ActiveCfg = Release|Any CPU
		{916F5504-9323-4B45-B626-1357EACD0638}.Release|iPhone.Build.0 = Release|Any CPU
		{916F5504-9323-4B45-B626-1357EACD0638}.Release|iPhone.Deploy.0 = Release|Any CPU
		{916F5504-9323-4B45-B626-1357EACD0638}.Release|iPhoneSimulator.ActiveCfg = Release|Any CPU
		{916F5504-9323-4B45-B626-1357EACD0638}.Release|iPhoneSimulator.Build.0 = Release|Any CPU
		{916F5504-9323-4B45-B626-1357EACD0638}.Release|iPhoneSimulator.Deploy.0 = Release|Any CPU
		{916F5504-9323-4B45-B626-1357EACD0638}.Release|x64.ActiveCfg = Release|Any CPU
		{916F5504-9323-4B45-B626-1357EACD0638}.Release|x64.Build.0 = Release|Any CPU
		{916F5504-9323-4B45-B626-1357EACD0638}.Release|x64.Deploy.0 = Release|Any CPU
		{916F5504-9323-4B45-B626-1357EACD0638}.Release|x86.ActiveCfg = Release|Any CPU
		{916F5504-9323-4B45-B626-1357EACD0638}.Release|x86.Build.0 = Release|Any CPU
		{916F5504-9323-4B45-B626-1357EACD0638}.Release|x86.Deploy.0 = Release|Any CPU
		{A2C5EF5E-DF8E-4BFC-A2FA-06CA8EB0FB14}.Ad-Hoc|Any CPU.ActiveCfg = Ad-Hoc|iPhone
		{A2C5EF5E-DF8E-4BFC-A2FA-06CA8EB0FB14}.Ad-Hoc|ARM.ActiveCfg = Ad-Hoc|iPhone
		{A2C5EF5E-DF8E-4BFC-A2FA-06CA8EB0FB14}.Ad-Hoc|iPhone.ActiveCfg = Ad-Hoc|iPhone
		{A2C5EF5E-DF8E-4BFC-A2FA-06CA8EB0FB14}.Ad-Hoc|iPhone.Build.0 = Ad-Hoc|iPhone
		{A2C5EF5E-DF8E-4BFC-A2FA-06CA8EB0FB14}.Ad-Hoc|iPhoneSimulator.ActiveCfg = Ad-Hoc|iPhoneSimulator
		{A2C5EF5E-DF8E-4BFC-A2FA-06CA8EB0FB14}.Ad-Hoc|iPhoneSimulator.Build.0 = Ad-Hoc|iPhoneSimulator
		{A2C5EF5E-DF8E-4BFC-A2FA-06CA8EB0FB14}.Ad-Hoc|x64.ActiveCfg = Ad-Hoc|iPhone
		{A2C5EF5E-DF8E-4BFC-A2FA-06CA8EB0FB14}.Ad-Hoc|x86.ActiveCfg = Ad-Hoc|iPhone
		{A2C5EF5E-DF8E-4BFC-A2FA-06CA8EB0FB14}.AppStore|Any CPU.ActiveCfg = AppStore|iPhone
		{A2C5EF5E-DF8E-4BFC-A2FA-06CA8EB0FB14}.AppStore|ARM.ActiveCfg = AppStore|iPhone
		{A2C5EF5E-DF8E-4BFC-A2FA-06CA8EB0FB14}.AppStore|iPhone.ActiveCfg = AppStore|iPhone
		{A2C5EF5E-DF8E-4BFC-A2FA-06CA8EB0FB14}.AppStore|iPhone.Build.0 = AppStore|iPhone
		{A2C5EF5E-DF8E-4BFC-A2FA-06CA8EB0FB14}.AppStore|iPhoneSimulator.ActiveCfg = AppStore|iPhoneSimulator
		{A2C5EF5E-DF8E-4BFC-A2FA-06CA8EB0FB14}.AppStore|iPhoneSimulator.Build.0 = AppStore|iPhoneSimulator
		{A2C5EF5E-DF8E-4BFC-A2FA-06CA8EB0FB14}.AppStore|x64.ActiveCfg = AppStore|iPhone
		{A2C5EF5E-DF8E-4BFC-A2FA-06CA8EB0FB14}.AppStore|x86.ActiveCfg = AppStore|iPhone
		{A2C5EF5E-DF8E-4BFC-A2FA-06CA8EB0FB14}.Debug|Any CPU.ActiveCfg = Debug|iPhone
		{A2C5EF5E-DF8E-4BFC-A2FA-06CA8EB0FB14}.Debug|ARM.ActiveCfg = Debug|iPhone
		{A2C5EF5E-DF8E-4BFC-A2FA-06CA8EB0FB14}.Debug|iPhone.ActiveCfg = Debug|iPhone
		{A2C5EF5E-DF8E-4BFC-A2FA-06CA8EB0FB14}.Debug|iPhone.Build.0 = Debug|iPhone
		{A2C5EF5E-DF8E-4BFC-A2FA-06CA8EB0FB14}.Debug|iPhoneSimulator.ActiveCfg = Debug|iPhoneSimulator
		{A2C5EF5E-DF8E-4BFC-A2FA-06CA8EB0FB14}.Debug|iPhoneSimulator.Build.0 = Debug|iPhoneSimulator
		{A2C5EF5E-DF8E-4BFC-A2FA-06CA8EB0FB14}.Debug|x64.ActiveCfg = Debug|iPhone
		{A2C5EF5E-DF8E-4BFC-A2FA-06CA8EB0FB14}.Debug|x86.ActiveCfg = Debug|iPhone
		{A2C5EF5E-DF8E-4BFC-A2FA-06CA8EB0FB14}.Release|Any CPU.ActiveCfg = Release|iPhone
		{A2C5EF5E-DF8E-4BFC-A2FA-06CA8EB0FB14}.Release|ARM.ActiveCfg = Release|iPhone
		{A2C5EF5E-DF8E-4BFC-A2FA-06CA8EB0FB14}.Release|iPhone.ActiveCfg = Release|iPhone
		{A2C5EF5E-DF8E-4BFC-A2FA-06CA8EB0FB14}.Release|iPhone.Build.0 = Release|iPhone
		{A2C5EF5E-DF8E-4BFC-A2FA-06CA8EB0FB14}.Release|iPhoneSimulator.ActiveCfg = Release|iPhoneSimulator
		{A2C5EF5E-DF8E-4BFC-A2FA-06CA8EB0FB14}.Release|iPhoneSimulator.Build.0 = Release|iPhoneSimulator
		{A2C5EF5E-DF8E-4BFC-A2FA-06CA8EB0FB14}.Release|x64.ActiveCfg = Release|iPhone
		{A2C5EF5E-DF8E-4BFC-A2FA-06CA8EB0FB14}.Release|x86.ActiveCfg = Release|iPhone
		{7B831DB3-462A-479E-A49B-1B06B2A38566}.Ad-Hoc|Any CPU.ActiveCfg = Debug|Any CPU
		{7B831DB3-462A-479E-A49B-1B06B2A38566}.Ad-Hoc|Any CPU.Build.0 = Debug|Any CPU
		{7B831DB3-462A-479E-A49B-1B06B2A38566}.Ad-Hoc|ARM.ActiveCfg = Debug|Any CPU
		{7B831DB3-462A-479E-A49B-1B06B2A38566}.Ad-Hoc|ARM.Build.0 = Debug|Any CPU
		{7B831DB3-462A-479E-A49B-1B06B2A38566}.Ad-Hoc|iPhone.ActiveCfg = Debug|Any CPU
		{7B831DB3-462A-479E-A49B-1B06B2A38566}.Ad-Hoc|iPhone.Build.0 = Debug|Any CPU
		{7B831DB3-462A-479E-A49B-1B06B2A38566}.Ad-Hoc|iPhoneSimulator.ActiveCfg = Debug|Any CPU
		{7B831DB3-462A-479E-A49B-1B06B2A38566}.Ad-Hoc|iPhoneSimulator.Build.0 = Debug|Any CPU
		{7B831DB3-462A-479E-A49B-1B06B2A38566}.Ad-Hoc|x64.ActiveCfg = Debug|Any CPU
		{7B831DB3-462A-479E-A49B-1B06B2A38566}.Ad-Hoc|x64.Build.0 = Debug|Any CPU
		{7B831DB3-462A-479E-A49B-1B06B2A38566}.Ad-Hoc|x86.ActiveCfg = Debug|Any CPU
		{7B831DB3-462A-479E-A49B-1B06B2A38566}.Ad-Hoc|x86.Build.0 = Debug|Any CPU
		{7B831DB3-462A-479E-A49B-1B06B2A38566}.AppStore|Any CPU.ActiveCfg = Debug|Any CPU
		{7B831DB3-462A-479E-A49B-1B06B2A38566}.AppStore|Any CPU.Build.0 = Debug|Any CPU
		{7B831DB3-462A-479E-A49B-1B06B2A38566}.AppStore|ARM.ActiveCfg = Debug|Any CPU
		{7B831DB3-462A-479E-A49B-1B06B2A38566}.AppStore|ARM.Build.0 = Debug|Any CPU
		{7B831DB3-462A-479E-A49B-1B06B2A38566}.AppStore|iPhone.ActiveCfg = Debug|Any CPU
		{7B831DB3-462A-479E-A49B-1B06B2A38566}.AppStore|iPhone.Build.0 = Debug|Any CPU
		{7B831DB3-462A-479E-A49B-1B06B2A38566}.AppStore|iPhoneSimulator.ActiveCfg = Debug|Any CPU
		{7B831DB3-462A-479E-A49B-1B06B2A38566}.AppStore|iPhoneSimulator.Build.0 = Debug|Any CPU
		{7B831DB3-462A-479E-A49B-1B06B2A38566}.AppStore|x64.ActiveCfg = Debug|Any CPU
		{7B831DB3-462A-479E-A49B-1B06B2A38566}.AppStore|x64.Build.0 = Debug|Any CPU
		{7B831DB3-462A-479E-A49B-1B06B2A38566}.AppStore|x86.ActiveCfg = Debug|Any CPU
		{7B831DB3-462A-479E-A49B-1B06B2A38566}.AppStore|x86.Build.0 = Debug|Any CPU
		{7B831DB3-462A-479E-A49B-1B06B2A38566}.Debug|Any CPU.ActiveCfg = Debug|Any CPU
		{7B831DB3-462A-479E-A49B-1B06B2A38566}.Debug|Any CPU.Build.0 = Debug|Any CPU
		{7B831DB3-462A-479E-A49B-1B06B2A38566}.Debug|ARM.ActiveCfg = Debug|Any CPU
		{7B831DB3-462A-479E-A49B-1B06B2A38566}.Debug|ARM.Build.0 = Debug|Any CPU
		{7B831DB3-462A-479E-A49B-1B06B2A38566}.Debug|iPhone.ActiveCfg = Debug|Any CPU
		{7B831DB3-462A-479E-A49B-1B06B2A38566}.Debug|iPhone.Build.0 = Debug|Any CPU
		{7B831DB3-462A-479E-A49B-1B06B2A38566}.Debug|iPhoneSimulator.ActiveCfg = Debug|Any CPU
		{7B831DB3-462A-479E-A49B-1B06B2A38566}.Debug|iPhoneSimulator.Build.0 = Debug|Any CPU
		{7B831DB3-462A-479E-A49B-1B06B2A38566}.Debug|x64.ActiveCfg = Debug|Any CPU
		{7B831DB3-462A-479E-A49B-1B06B2A38566}.Debug|x64.Build.0 = Debug|Any CPU
		{7B831DB3-462A-479E-A49B-1B06B2A38566}.Debug|x86.ActiveCfg = Debug|Any CPU
		{7B831DB3-462A-479E-A49B-1B06B2A38566}.Debug|x86.Build.0 = Debug|Any CPU
		{7B831DB3-462A-479E-A49B-1B06B2A38566}.Release|Any CPU.ActiveCfg = Release|Any CPU
		{7B831DB3-462A-479E-A49B-1B06B2A38566}.Release|Any CPU.Build.0 = Release|Any CPU
		{7B831DB3-462A-479E-A49B-1B06B2A38566}.Release|ARM.ActiveCfg = Release|Any CPU
		{7B831DB3-462A-479E-A49B-1B06B2A38566}.Release|ARM.Build.0 = Release|Any CPU
		{7B831DB3-462A-479E-A49B-1B06B2A38566}.Release|iPhone.ActiveCfg = Release|Any CPU
		{7B831DB3-462A-479E-A49B-1B06B2A38566}.Release|iPhone.Build.0 = Release|Any CPU
		{7B831DB3-462A-479E-A49B-1B06B2A38566}.Release|iPhoneSimulator.ActiveCfg = Release|Any CPU
		{7B831DB3-462A-479E-A49B-1B06B2A38566}.Release|iPhoneSimulator.Build.0 = Release|Any CPU
		{7B831DB3-462A-479E-A49B-1B06B2A38566}.Release|x64.ActiveCfg = Release|Any CPU
		{7B831DB3-462A-479E-A49B-1B06B2A38566}.Release|x64.Build.0 = Release|Any CPU
		{7B831DB3-462A-479E-A49B-1B06B2A38566}.Release|x86.ActiveCfg = Release|Any CPU
		{7B831DB3-462A-479E-A49B-1B06B2A38566}.Release|x86.Build.0 = Release|Any CPU
		{9C85C6E3-43BD-49B2-9C18-1644D4F4A973}.Ad-Hoc|Any CPU.ActiveCfg = Debug|Any CPU
		{9C85C6E3-43BD-49B2-9C18-1644D4F4A973}.Ad-Hoc|Any CPU.Build.0 = Debug|Any CPU
		{9C85C6E3-43BD-49B2-9C18-1644D4F4A973}.Ad-Hoc|ARM.ActiveCfg = Debug|Any CPU
		{9C85C6E3-43BD-49B2-9C18-1644D4F4A973}.Ad-Hoc|ARM.Build.0 = Debug|Any CPU
		{9C85C6E3-43BD-49B2-9C18-1644D4F4A973}.Ad-Hoc|iPhone.ActiveCfg = Debug|Any CPU
		{9C85C6E3-43BD-49B2-9C18-1644D4F4A973}.Ad-Hoc|iPhone.Build.0 = Debug|Any CPU
		{9C85C6E3-43BD-49B2-9C18-1644D4F4A973}.Ad-Hoc|iPhoneSimulator.ActiveCfg = Debug|Any CPU
		{9C85C6E3-43BD-49B2-9C18-1644D4F4A973}.Ad-Hoc|iPhoneSimulator.Build.0 = Debug|Any CPU
		{9C85C6E3-43BD-49B2-9C18-1644D4F4A973}.Ad-Hoc|x64.ActiveCfg = Debug|Any CPU
		{9C85C6E3-43BD-49B2-9C18-1644D4F4A973}.Ad-Hoc|x64.Build.0 = Debug|Any CPU
		{9C85C6E3-43BD-49B2-9C18-1644D4F4A973}.Ad-Hoc|x86.ActiveCfg = Debug|Any CPU
		{9C85C6E3-43BD-49B2-9C18-1644D4F4A973}.Ad-Hoc|x86.Build.0 = Debug|Any CPU
		{9C85C6E3-43BD-49B2-9C18-1644D4F4A973}.AppStore|Any CPU.ActiveCfg = Debug|Any CPU
		{9C85C6E3-43BD-49B2-9C18-1644D4F4A973}.AppStore|Any CPU.Build.0 = Debug|Any CPU
		{9C85C6E3-43BD-49B2-9C18-1644D4F4A973}.AppStore|ARM.ActiveCfg = Debug|Any CPU
		{9C85C6E3-43BD-49B2-9C18-1644D4F4A973}.AppStore|ARM.Build.0 = Debug|Any CPU
		{9C85C6E3-43BD-49B2-9C18-1644D4F4A973}.AppStore|iPhone.ActiveCfg = Debug|Any CPU
		{9C85C6E3-43BD-49B2-9C18-1644D4F4A973}.AppStore|iPhone.Build.0 = Debug|Any CPU
		{9C85C6E3-43BD-49B2-9C18-1644D4F4A973}.AppStore|iPhoneSimulator.ActiveCfg = Debug|Any CPU
		{9C85C6E3-43BD-49B2-9C18-1644D4F4A973}.AppStore|iPhoneSimulator.Build.0 = Debug|Any CPU
		{9C85C6E3-43BD-49B2-9C18-1644D4F4A973}.AppStore|x64.ActiveCfg = Debug|Any CPU
		{9C85C6E3-43BD-49B2-9C18-1644D4F4A973}.AppStore|x64.Build.0 = Debug|Any CPU
		{9C85C6E3-43BD-49B2-9C18-1644D4F4A973}.AppStore|x86.ActiveCfg = Debug|Any CPU
		{9C85C6E3-43BD-49B2-9C18-1644D4F4A973}.AppStore|x86.Build.0 = Debug|Any CPU
		{9C85C6E3-43BD-49B2-9C18-1644D4F4A973}.Debug|Any CPU.ActiveCfg = Debug|Any CPU
		{9C85C6E3-43BD-49B2-9C18-1644D4F4A973}.Debug|Any CPU.Build.0 = Debug|Any CPU
		{9C85C6E3-43BD-49B2-9C18-1644D4F4A973}.Debug|ARM.ActiveCfg = Debug|Any CPU
		{9C85C6E3-43BD-49B2-9C18-1644D4F4A973}.Debug|ARM.Build.0 = Debug|Any CPU
		{9C85C6E3-43BD-49B2-9C18-1644D4F4A973}.Debug|iPhone.ActiveCfg = Debug|Any CPU
		{9C85C6E3-43BD-49B2-9C18-1644D4F4A973}.Debug|iPhone.Build.0 = Debug|Any CPU
		{9C85C6E3-43BD-49B2-9C18-1644D4F4A973}.Debug|iPhoneSimulator.ActiveCfg = Debug|Any CPU
		{9C85C6E3-43BD-49B2-9C18-1644D4F4A973}.Debug|iPhoneSimulator.Build.0 = Debug|Any CPU
		{9C85C6E3-43BD-49B2-9C18-1644D4F4A973}.Debug|x64.ActiveCfg = Debug|Any CPU
		{9C85C6E3-43BD-49B2-9C18-1644D4F4A973}.Debug|x64.Build.0 = Debug|Any CPU
		{9C85C6E3-43BD-49B2-9C18-1644D4F4A973}.Debug|x86.ActiveCfg = Debug|Any CPU
		{9C85C6E3-43BD-49B2-9C18-1644D4F4A973}.Debug|x86.Build.0 = Debug|Any CPU
		{9C85C6E3-43BD-49B2-9C18-1644D4F4A973}.Release|Any CPU.ActiveCfg = Release|Any CPU
		{9C85C6E3-43BD-49B2-9C18-1644D4F4A973}.Release|Any CPU.Build.0 = Release|Any CPU
		{9C85C6E3-43BD-49B2-9C18-1644D4F4A973}.Release|ARM.ActiveCfg = Release|Any CPU
		{9C85C6E3-43BD-49B2-9C18-1644D4F4A973}.Release|ARM.Build.0 = Release|Any CPU
		{9C85C6E3-43BD-49B2-9C18-1644D4F4A973}.Release|iPhone.ActiveCfg = Release|Any CPU
		{9C85C6E3-43BD-49B2-9C18-1644D4F4A973}.Release|iPhone.Build.0 = Release|Any CPU
		{9C85C6E3-43BD-49B2-9C18-1644D4F4A973}.Release|iPhoneSimulator.ActiveCfg = Release|Any CPU
		{9C85C6E3-43BD-49B2-9C18-1644D4F4A973}.Release|iPhoneSimulator.Build.0 = Release|Any CPU
		{9C85C6E3-43BD-49B2-9C18-1644D4F4A973}.Release|x64.ActiveCfg = Release|Any CPU
		{9C85C6E3-43BD-49B2-9C18-1644D4F4A973}.Release|x64.Build.0 = Release|Any CPU
		{9C85C6E3-43BD-49B2-9C18-1644D4F4A973}.Release|x86.ActiveCfg = Release|Any CPU
		{9C85C6E3-43BD-49B2-9C18-1644D4F4A973}.Release|x86.Build.0 = Release|Any CPU
		{B1211C3B-8382-4D2E-A6CB-06E71A9B5911}.Ad-Hoc|Any CPU.ActiveCfg = Debug|Any CPU
		{B1211C3B-8382-4D2E-A6CB-06E71A9B5911}.Ad-Hoc|Any CPU.Build.0 = Debug|Any CPU
		{B1211C3B-8382-4D2E-A6CB-06E71A9B5911}.Ad-Hoc|ARM.ActiveCfg = Debug|Any CPU
		{B1211C3B-8382-4D2E-A6CB-06E71A9B5911}.Ad-Hoc|ARM.Build.0 = Debug|Any CPU
		{B1211C3B-8382-4D2E-A6CB-06E71A9B5911}.Ad-Hoc|iPhone.ActiveCfg = Debug|Any CPU
		{B1211C3B-8382-4D2E-A6CB-06E71A9B5911}.Ad-Hoc|iPhone.Build.0 = Debug|Any CPU
		{B1211C3B-8382-4D2E-A6CB-06E71A9B5911}.Ad-Hoc|iPhoneSimulator.ActiveCfg = Debug|Any CPU
		{B1211C3B-8382-4D2E-A6CB-06E71A9B5911}.Ad-Hoc|iPhoneSimulator.Build.0 = Debug|Any CPU
		{B1211C3B-8382-4D2E-A6CB-06E71A9B5911}.Ad-Hoc|x64.ActiveCfg = Debug|Any CPU
		{B1211C3B-8382-4D2E-A6CB-06E71A9B5911}.Ad-Hoc|x64.Build.0 = Debug|Any CPU
		{B1211C3B-8382-4D2E-A6CB-06E71A9B5911}.Ad-Hoc|x86.ActiveCfg = Debug|Any CPU
		{B1211C3B-8382-4D2E-A6CB-06E71A9B5911}.Ad-Hoc|x86.Build.0 = Debug|Any CPU
		{B1211C3B-8382-4D2E-A6CB-06E71A9B5911}.AppStore|Any CPU.ActiveCfg = Debug|Any CPU
		{B1211C3B-8382-4D2E-A6CB-06E71A9B5911}.AppStore|Any CPU.Build.0 = Debug|Any CPU
		{B1211C3B-8382-4D2E-A6CB-06E71A9B5911}.AppStore|ARM.ActiveCfg = Debug|Any CPU
		{B1211C3B-8382-4D2E-A6CB-06E71A9B5911}.AppStore|ARM.Build.0 = Debug|Any CPU
		{B1211C3B-8382-4D2E-A6CB-06E71A9B5911}.AppStore|iPhone.ActiveCfg = Debug|Any CPU
		{B1211C3B-8382-4D2E-A6CB-06E71A9B5911}.AppStore|iPhone.Build.0 = Debug|Any CPU
		{B1211C3B-8382-4D2E-A6CB-06E71A9B5911}.AppStore|iPhoneSimulator.ActiveCfg = Debug|Any CPU
		{B1211C3B-8382-4D2E-A6CB-06E71A9B5911}.AppStore|iPhoneSimulator.Build.0 = Debug|Any CPU
		{B1211C3B-8382-4D2E-A6CB-06E71A9B5911}.AppStore|x64.ActiveCfg = Debug|Any CPU
		{B1211C3B-8382-4D2E-A6CB-06E71A9B5911}.AppStore|x64.Build.0 = Debug|Any CPU
		{B1211C3B-8382-4D2E-A6CB-06E71A9B5911}.AppStore|x86.ActiveCfg = Debug|Any CPU
		{B1211C3B-8382-4D2E-A6CB-06E71A9B5911}.AppStore|x86.Build.0 = Debug|Any CPU
		{B1211C3B-8382-4D2E-A6CB-06E71A9B5911}.Debug|Any CPU.ActiveCfg = Debug|Any CPU
		{B1211C3B-8382-4D2E-A6CB-06E71A9B5911}.Debug|Any CPU.Build.0 = Debug|Any CPU
		{B1211C3B-8382-4D2E-A6CB-06E71A9B5911}.Debug|ARM.ActiveCfg = Debug|Any CPU
		{B1211C3B-8382-4D2E-A6CB-06E71A9B5911}.Debug|ARM.Build.0 = Debug|Any CPU
		{B1211C3B-8382-4D2E-A6CB-06E71A9B5911}.Debug|iPhone.ActiveCfg = Debug|Any CPU
		{B1211C3B-8382-4D2E-A6CB-06E71A9B5911}.Debug|iPhone.Build.0 = Debug|Any CPU
		{B1211C3B-8382-4D2E-A6CB-06E71A9B5911}.Debug|iPhoneSimulator.ActiveCfg = Debug|Any CPU
		{B1211C3B-8382-4D2E-A6CB-06E71A9B5911}.Debug|iPhoneSimulator.Build.0 = Debug|Any CPU
		{B1211C3B-8382-4D2E-A6CB-06E71A9B5911}.Debug|x64.ActiveCfg = Debug|Any CPU
		{B1211C3B-8382-4D2E-A6CB-06E71A9B5911}.Debug|x64.Build.0 = Debug|Any CPU
		{B1211C3B-8382-4D2E-A6CB-06E71A9B5911}.Debug|x86.ActiveCfg = Debug|Any CPU
		{B1211C3B-8382-4D2E-A6CB-06E71A9B5911}.Debug|x86.Build.0 = Debug|Any CPU
		{B1211C3B-8382-4D2E-A6CB-06E71A9B5911}.Release|Any CPU.ActiveCfg = Release|Any CPU
		{B1211C3B-8382-4D2E-A6CB-06E71A9B5911}.Release|Any CPU.Build.0 = Release|Any CPU
		{B1211C3B-8382-4D2E-A6CB-06E71A9B5911}.Release|ARM.ActiveCfg = Release|Any CPU
		{B1211C3B-8382-4D2E-A6CB-06E71A9B5911}.Release|ARM.Build.0 = Release|Any CPU
		{B1211C3B-8382-4D2E-A6CB-06E71A9B5911}.Release|iPhone.ActiveCfg = Release|Any CPU
		{B1211C3B-8382-4D2E-A6CB-06E71A9B5911}.Release|iPhone.Build.0 = Release|Any CPU
		{B1211C3B-8382-4D2E-A6CB-06E71A9B5911}.Release|iPhoneSimulator.ActiveCfg = Release|Any CPU
		{B1211C3B-8382-4D2E-A6CB-06E71A9B5911}.Release|iPhoneSimulator.Build.0 = Release|Any CPU
		{B1211C3B-8382-4D2E-A6CB-06E71A9B5911}.Release|x64.ActiveCfg = Release|Any CPU
		{B1211C3B-8382-4D2E-A6CB-06E71A9B5911}.Release|x64.Build.0 = Release|Any CPU
		{B1211C3B-8382-4D2E-A6CB-06E71A9B5911}.Release|x86.ActiveCfg = Release|Any CPU
		{B1211C3B-8382-4D2E-A6CB-06E71A9B5911}.Release|x86.Build.0 = Release|Any CPU
	EndGlobalSection
	GlobalSection(SolutionProperties) = preSolution
		HideSolutionNode = FALSE
	EndGlobalSection
	GlobalSection(ExtensibilityGlobals) = postSolution
		SolutionGuid = {6F708D4E-04C4-4716-881E-40B5A1DDA205}
	EndGlobalSection
EndGlobal
